lockVersion: 2.0.0
id: 7c0407b2-4f59-416a-8ae6-d44cef4baf96
management:
  docChecksum: b03bcc0b5048506cd0b16e374274173c
  docVersion: 0.1.0-alpha
  speakeasyVersion: 1.233.2
  generationVersion: 2.296.1
  releaseVersion: 0.2.0
  configChecksum: 96b5a0bbb57d41d43348833f564db69f
features:
  terraform:
    additionalProperties: 0.1.2
    core: 3.12.1
    deprecations: 2.81.1
    globalSecurity: 2.81.6
    globalServerURLs: 2.82.1
    groups: 2.81.2
    inputOutputModels: 2.83.0
    nameOverrides: 2.81.1
    unions: 2.81.10
generatedFiles:
  - internal/sdk/apps.go
  - internal/sdk/appaccessrequestsdefaults.go
  - internal/sdk/connector.go
  - internal/sdk/appentitlements.go
  - internal/sdk/appentitlementsearch.go
  - internal/sdk/appentitlementuserbinding.go
  - internal/sdk/appentitlementowners.go
  - internal/sdk/appowners.go
  - internal/sdk/appreport.go
  - internal/sdk/appreportaction.go
  - internal/sdk/appresourcetype.go
  - internal/sdk/appresource.go
  - internal/sdk/appresourceowners.go
  - internal/sdk/appusagecontrols.go
  - internal/sdk/appuser.go
  - internal/sdk/attributes.go
  - internal/sdk/auth.go
  - internal/sdk/requestcatalogmanagement.go
  - internal/sdk/directory.go
  - internal/sdk/personalclient.go
  - internal/sdk/roles.go
  - internal/sdk/policies.go
  - internal/sdk/policyvalidate.go
  - internal/sdk/appresourcesearch.go
  - internal/sdk/appsearch.go
  - internal/sdk/attributesearch.go
  - internal/sdk/policysearch.go
  - internal/sdk/requestcatalogsearch.go
  - internal/sdk/tasksearch.go
  - internal/sdk/usersearch.go
  - internal/sdk/awsexternalidsettings.go
  - internal/sdk/sessionsettings.go
  - internal/sdk/task.go
  - internal/sdk/taskactions.go
  - internal/sdk/user.go
  - internal/sdk/webhooks.go
  - internal/sdk/sdk.go
  - internal/sdk/models/errors/sdkerror.go
  - internal/sdk/types/bigint.go
  - internal/sdk/types/date.go
  - internal/sdk/types/datetime.go
  - internal/sdk/types/decimal.go
  - internal/sdk/types/pointers.go
  - internal/sdk/internal/utils/contenttype.go
  - internal/sdk/internal/utils/form.go
  - internal/sdk/internal/utils/headers.go
  - internal/sdk/internal/utils/json.go
  - internal/sdk/internal/utils/pathparams.go
  - internal/sdk/internal/utils/queryparams.go
  - internal/sdk/internal/utils/requestbody.go
  - internal/sdk/internal/utils/retries.go
  - internal/sdk/internal/utils/security.go
  - internal/sdk/internal/utils/utils.go
  - internal/sdk/models/operations/c1apiappv1appslist.go
  - internal/sdk/models/operations/c1apiappv1appscreate.go
  - internal/sdk/models/operations/c1apiappv1appsdelete.go
  - internal/sdk/models/operations/c1apiappv1appsget.go
  - internal/sdk/models/operations/c1apiappv1appsupdate.go
  - internal/sdk/models/operations/c1apiappv1appaccessrequestsdefaultsservicecreateappaccessrequestsdefaults.go
  - internal/sdk/models/operations/c1apiappv1appaccessrequestsdefaultsservicegetappaccessrequestsdefaults.go
  - internal/sdk/models/operations/c1apiappv1connectorservicelist.go
  - internal/sdk/models/operations/c1apiappv1connectorservicecreatedelegated.go
  - internal/sdk/models/operations/c1apiappv1connectorservicerotatecredential.go
  - internal/sdk/models/operations/c1apiappv1connectorservicegetcredentials.go
  - internal/sdk/models/operations/c1apiappv1connectorservicerevokecredential.go
  - internal/sdk/models/operations/c1apiappv1connectorserviceforcesync.go
  - internal/sdk/models/operations/c1apiappv1connectorservicedelete.go
  - internal/sdk/models/operations/c1apiappv1connectorserviceget.go
  - internal/sdk/models/operations/c1apiappv1connectorserviceupdate.go
  - internal/sdk/models/operations/c1apiappv1connectorservicecreate.go
  - internal/sdk/models/operations/c1apiappv1connectorserviceupdatedelegated.go
  - internal/sdk/models/operations/c1apiappv1appentitlementslist.go
  - internal/sdk/models/operations/c1apiappv1appentitlementslistusers.go
  - internal/sdk/models/operations/c1apiappv1appentitlementsget.go
  - internal/sdk/models/operations/c1apiappv1appentitlementsupdate.go
  - internal/sdk/models/operations/c1apiappv1appentitlementslistforappresource.go
  - internal/sdk/models/operations/c1apiappv1appentitlementslistforappuser.go
  - internal/sdk/models/operations/c1apiappv1appentitlementsearchservicesearchappentitlementswithexpired.go
  - internal/sdk/models/operations/c1apiappv1appentitlementsearchservicesearch.go
  - internal/sdk/models/operations/c1apiappv1appentitlementuserbindingservicelistappusersforidentitywithgrant.go
  - internal/sdk/models/operations/c1apiappv1appentitlementownerslist.go
  - internal/sdk/models/operations/c1apiappv1appentitlementownersadd.go
  - internal/sdk/models/operations/c1apiappv1appentitlementownersset.go
  - internal/sdk/models/operations/c1apiappv1appentitlementownersremove.go
  - internal/sdk/models/operations/c1apiappv1appownerslist.go
  - internal/sdk/models/operations/c1apiappv1appownersset.go
  - internal/sdk/models/operations/c1apiappv1appownersremove.go
  - internal/sdk/models/operations/c1apiappv1appownersadd.go
  - internal/sdk/models/operations/c1apiappv1appreportservicelist.go
  - internal/sdk/models/operations/c1apiappv1appreportactionservicegeneratereport.go
  - internal/sdk/models/operations/c1apiappv1appresourcetypeservicelist.go
  - internal/sdk/models/operations/c1apiappv1appresourcetypeserviceget.go
  - internal/sdk/models/operations/c1apiappv1appresourceservicelist.go
  - internal/sdk/models/operations/c1apiappv1appresourceserviceget.go
  - internal/sdk/models/operations/c1apiappv1appresourceownerslist.go
  - internal/sdk/models/operations/c1apiappv1appusagecontrolsserviceget.go
  - internal/sdk/models/operations/c1apiappv1appusagecontrolsserviceupdate.go
  - internal/sdk/models/operations/c1apiappv1appuserserviceupdate.go
  - internal/sdk/models/operations/c1apiattributev1attributesdeleteattributevalue.go
  - internal/sdk/models/operations/c1apiattributev1attributescreateattributevalue.go
  - internal/sdk/models/operations/c1apiattributev1attributesgetattributevalue.go
  - internal/sdk/models/operations/c1apiattributev1attributeslistattributetypes.go
  - internal/sdk/models/operations/c1apiattributev1attributeslistattributevalues.go
  - internal/sdk/models/operations/c1apiauthv1authintrospect.go
  - internal/sdk/models/operations/c1apirequestcatalogv1requestcatalogmanagementservicelist.go
  - internal/sdk/models/operations/c1apirequestcatalogv1requestcatalogmanagementservicecreate.go
  - internal/sdk/models/operations/c1apirequestcatalogv1requestcatalogmanagementservicelistentitlementspercatalog.go
  - internal/sdk/models/operations/c1apirequestcatalogv1requestcatalogmanagementserviceremoveappentitlements.go
  - internal/sdk/models/operations/c1apirequestcatalogv1requestcatalogmanagementserviceaddappentitlements.go
  - internal/sdk/models/operations/c1apirequestcatalogv1requestcatalogmanagementserviceremoveaccessentitlements.go
  - internal/sdk/models/operations/c1apirequestcatalogv1requestcatalogmanagementserviceaddaccessentitlements.go
  - internal/sdk/models/operations/c1apirequestcatalogv1requestcatalogmanagementservicelistentitlementsforaccess.go
  - internal/sdk/models/operations/c1apirequestcatalogv1requestcatalogmanagementservicedelete.go
  - internal/sdk/models/operations/c1apirequestcatalogv1requestcatalogmanagementserviceget.go
  - internal/sdk/models/operations/c1apirequestcatalogv1requestcatalogmanagementserviceupdate.go
  - internal/sdk/models/operations/c1apidirectoryv1directoryservicelist.go
  - internal/sdk/models/operations/c1apidirectoryv1directoryservicecreate.go
  - internal/sdk/models/operations/c1apidirectoryv1directoryservicedelete.go
  - internal/sdk/models/operations/c1apidirectoryv1directoryserviceget.go
  - internal/sdk/models/operations/c1apiiamv1personalclientservicecreate.go
  - internal/sdk/models/operations/c1apiiamv1roleslist.go
  - internal/sdk/models/operations/c1apiiamv1rolesget.go
  - internal/sdk/models/operations/c1apiiamv1rolesupdate.go
  - internal/sdk/models/operations/c1apipolicyv1policieslist.go
  - internal/sdk/models/operations/c1apipolicyv1policiescreate.go
  - internal/sdk/models/operations/c1apipolicyv1policiesdelete.go
  - internal/sdk/models/operations/c1apipolicyv1policiesget.go
  - internal/sdk/models/operations/c1apipolicyv1policiesupdate.go
  - internal/sdk/models/operations/c1apipolicyv1policyvalidatevalidatecel.go
  - internal/sdk/models/operations/c1apiappv1appresourcesearchsearchappresourcetypes.go
  - internal/sdk/models/operations/c1apiappv1appsearchsearch.go
  - internal/sdk/models/operations/c1apiattributev1attributesearchsearchattributevalues.go
  - internal/sdk/models/operations/c1apipolicyv1policysearchsearch.go
  - internal/sdk/models/operations/c1apirequestcatalogv1requestcatalogsearchservicesearchentitlements.go
  - internal/sdk/models/operations/c1apitaskv1tasksearchservicesearch.go
  - internal/sdk/models/operations/c1apiuserv1usersearchsearch.go
  - internal/sdk/models/operations/c1apisettingsv1awsexternalidsettingsget.go
  - internal/sdk/models/operations/c1apisettingsv1sessionsettingsserviceget.go
  - internal/sdk/models/operations/c1apisettingsv1sessionsettingsserviceupdate.go
  - internal/sdk/models/operations/c1apitaskv1taskservicecreategranttask.go
  - internal/sdk/models/operations/c1apitaskv1taskservicecreaterevoketask.go
  - internal/sdk/models/operations/c1apitaskv1taskserviceget.go
  - internal/sdk/models/operations/c1apitaskv1taskactionsserviceapprove.go
  - internal/sdk/models/operations/c1apitaskv1taskactionsservicecomment.go
  - internal/sdk/models/operations/c1apitaskv1taskactionsservicedeny.go
  - internal/sdk/models/operations/c1apitaskv1taskactionsserviceescalatetoemergencyaccess.go
  - internal/sdk/models/operations/c1apitaskv1taskactionsservicerestart.go
  - internal/sdk/models/operations/c1apiuserv1userservicelist.go
  - internal/sdk/models/operations/c1apiuserv1userserviceget.go
  - internal/sdk/models/operations/c1apiwebhooksv1webhooksservicetest.go
  - internal/sdk/models/shared/listappsresponse.go
  - internal/sdk/models/shared/app.go
  - internal/sdk/models/shared/user.go
  - internal/sdk/models/shared/userattributemappingsource.go
  - internal/sdk/models/shared/createappresponse.go
  - internal/sdk/models/shared/createapprequest.go
  - internal/sdk/models/shared/deleteappresponse.go
  - internal/sdk/models/shared/deleteapprequest.go
  - internal/sdk/models/shared/getappresponse.go
  - internal/sdk/models/shared/updateappresponse.go
  - internal/sdk/models/shared/updateapprequest.go
  - internal/sdk/models/shared/appaccessrequestdefaults.go
  - internal/sdk/models/shared/createaccessrequestdefaultsrequest.go
  - internal/sdk/models/shared/getaccessrequestdefaultsrequest.go
  - internal/sdk/models/shared/connectorservicelistresponse.go
  - internal/sdk/models/shared/connectorview.go
  - internal/sdk/models/shared/connector.go
  - internal/sdk/models/shared/connectorstatus.go
  - internal/sdk/models/shared/oauth2authorizedas.go
  - internal/sdk/models/shared/connectorservicecreateresponse.go
  - internal/sdk/models/shared/connectorservicecreatedelegatedrequest.go
  - internal/sdk/models/shared/connectorexpandmask.go
  - internal/sdk/models/shared/connectorservicerotatecredentialresponse.go
  - internal/sdk/models/shared/connectorcredential.go
  - internal/sdk/models/shared/connectorservicerotatecredentialrequest.go
  - internal/sdk/models/shared/connectorservicegetcredentialsresponse.go
  - internal/sdk/models/shared/connectorservicerevokecredentialresponse.go
  - internal/sdk/models/shared/connectorservicerevokecredentialrequest.go
  - internal/sdk/models/shared/forcesyncresponse.go
  - internal/sdk/models/shared/forcesyncrequest.go
  - internal/sdk/models/shared/connectorservicedeleteresponse.go
  - internal/sdk/models/shared/connectorservicedeleterequest.go
  - internal/sdk/models/shared/connectorservicegetresponse.go
  - internal/sdk/models/shared/connectorserviceupdateresponse.go
  - internal/sdk/models/shared/connectorserviceupdaterequest.go
  - internal/sdk/models/shared/oauth2authorizedasinput.go
  - internal/sdk/models/shared/connectorservicecreaterequest.go
  - internal/sdk/models/shared/connectorserviceupdatedelegatedrequest.go
  - internal/sdk/models/shared/listappentitlementsresponse.go
  - internal/sdk/models/shared/appentitlementview.go
  - internal/sdk/models/shared/appentitlement.go
  - internal/sdk/models/shared/provisionpolicy.go
  - internal/sdk/models/shared/webhookprovision.go
  - internal/sdk/models/shared/manualprovision.go
  - internal/sdk/models/shared/delegatedprovision.go
  - internal/sdk/models/shared/connectorprovision.go
  - internal/sdk/models/shared/listappentitlementusersresponse.go
  - internal/sdk/models/shared/appentitlementuserview.go
  - internal/sdk/models/shared/appuserview.go
  - internal/sdk/models/shared/appuser.go
  - internal/sdk/models/shared/appuserstatus.go
  - internal/sdk/models/shared/getappentitlementresponse.go
  - internal/sdk/models/shared/updateappentitlementresponse.go
  - internal/sdk/models/shared/updateappentitlementrequest.go
  - internal/sdk/models/shared/appentitlementexpandmask.go
  - internal/sdk/models/shared/searchappentitlementswithexpiredresponse.go
  - internal/sdk/models/shared/appentitlementwithexpired.go
  - internal/sdk/models/shared/appentitlementsearchservicesearchresponse.go
  - internal/sdk/models/shared/facets.go
  - internal/sdk/models/shared/facetcategory.go
  - internal/sdk/models/shared/facetvalueitem.go
  - internal/sdk/models/shared/facetvalue.go
  - internal/sdk/models/shared/facetrangeitem.go
  - internal/sdk/models/shared/facetrange.go
  - internal/sdk/models/shared/appentitlementsearchservicesearchrequest.go
  - internal/sdk/models/shared/listappusersforidentitywithgrantresponse.go
  - internal/sdk/models/shared/appentitlementuserbinding.go
  - internal/sdk/models/shared/listappentitlementownersresponse.go
  - internal/sdk/models/shared/addappentitlementownerresponse.go
  - internal/sdk/models/shared/addappentitlementownerrequest.go
  - internal/sdk/models/shared/setappentitlementownersresponse.go
  - internal/sdk/models/shared/setappentitlementownersrequest.go
  - internal/sdk/models/shared/removeappentitlementownerresponse.go
  - internal/sdk/models/shared/removeappentitlementownerrequest.go
  - internal/sdk/models/shared/listappownersresponse.go
  - internal/sdk/models/shared/setappownersresponse.go
  - internal/sdk/models/shared/setappownersrequest.go
  - internal/sdk/models/shared/removeappownerresponse.go
  - internal/sdk/models/shared/removeappownerrequest.go
  - internal/sdk/models/shared/addappownerresponse.go
  - internal/sdk/models/shared/addappownerrequest.go
  - internal/sdk/models/shared/appreportservicelistresponse.go
  - internal/sdk/models/shared/apppopulationreport.go
  - internal/sdk/models/shared/appactionsservicegeneratereportresponse.go
  - internal/sdk/models/shared/appactionsservicegeneratereportrequest.go
  - internal/sdk/models/shared/appresourcetypeservicelistresponse.go
  - internal/sdk/models/shared/appresourcetypeview.go
  - internal/sdk/models/shared/appresourcetype.go
  - internal/sdk/models/shared/appresourcetypeservicegetresponse.go
  - internal/sdk/models/shared/appresourceservicelistresponse.go
  - internal/sdk/models/shared/appresourceview.go
  - internal/sdk/models/shared/appresource.go
  - internal/sdk/models/shared/appresourceservicegetresponse.go
  - internal/sdk/models/shared/listappresourceownersresponse.go
  - internal/sdk/models/shared/getappusagecontrolsresponse.go
  - internal/sdk/models/shared/appusagecontrols.go
  - internal/sdk/models/shared/updateappusagecontrolsresponse.go
  - internal/sdk/models/shared/updateappusagecontrolsrequest.go
  - internal/sdk/models/shared/appuserserviceupdateresponse.go
  - internal/sdk/models/shared/appuserserviceupdaterequest.go
  - internal/sdk/models/shared/appuserexpandmask.go
  - internal/sdk/models/shared/appuserstatusinput.go
  - internal/sdk/models/shared/deleteattributevalueresponse.go
  - internal/sdk/models/shared/deleteattributevaluerequest.go
  - internal/sdk/models/shared/createattributevalueresponse.go
  - internal/sdk/models/shared/attributevalue.go
  - internal/sdk/models/shared/createattributevaluerequest.go
  - internal/sdk/models/shared/getattributevalueresponse.go
  - internal/sdk/models/shared/listattributetypesresponse.go
  - internal/sdk/models/shared/attributetype.go
  - internal/sdk/models/shared/listattributevaluesresponse.go
  - internal/sdk/models/shared/introspectresponse.go
  - internal/sdk/models/shared/requestcatalogmanagementservicelistresponse.go
  - internal/sdk/models/shared/requestcatalogview.go
  - internal/sdk/models/shared/requestcatalog.go
  - internal/sdk/models/shared/requestcatalogmanagementservicegetresponse.go
  - internal/sdk/models/shared/requestcatalogmanagementservicecreaterequest.go
  - internal/sdk/models/shared/requestcatalogexpandmask.go
  - internal/sdk/models/shared/requestcatalogmanagementservicelistentitlementspercatalogresponse.go
  - internal/sdk/models/shared/requestcatalogmanagementserviceremoveappentitlementsresponse.go
  - internal/sdk/models/shared/requestcatalogmanagementserviceremoveappentitlementsrequest.go
  - internal/sdk/models/shared/appentitlementref.go
  - internal/sdk/models/shared/requestcatalogmanagementserviceaddappentitlementsresponse.go
  - internal/sdk/models/shared/requestcatalogmanagementserviceaddappentitlementsrequest.go
  - internal/sdk/models/shared/requestcatalogmanagementserviceremoveaccessentitlementsresponse.go
  - internal/sdk/models/shared/requestcatalogmanagementserviceremoveaccessentitlementsrequest.go
  - internal/sdk/models/shared/requestcatalogmanagementserviceaddaccessentitlementsresponse.go
  - internal/sdk/models/shared/requestcatalogmanagementserviceaddaccessentitlementsrequest.go
  - internal/sdk/models/shared/requestcatalogmanagementservicelistentitlementsforaccessresponse.go
  - internal/sdk/models/shared/requestcatalogmanagementservicedeleteresponse.go
  - internal/sdk/models/shared/requestcatalogmanagementservicedeleterequest.go
  - internal/sdk/models/shared/requestcatalogmanagementserviceupdaterequest.go
  - internal/sdk/models/shared/requestcataloginput.go
  - internal/sdk/models/shared/directoryservicelistresponse.go
  - internal/sdk/models/shared/directoryview.go
  - internal/sdk/models/shared/directory.go
  - internal/sdk/models/shared/directoryservicecreateresponse.go
  - internal/sdk/models/shared/directoryservicecreaterequest.go
  - internal/sdk/models/shared/directoryexpandmask.go
  - internal/sdk/models/shared/directoryservicedeleteresponse.go
  - internal/sdk/models/shared/directoryservicedeleterequest.go
  - internal/sdk/models/shared/directoryservicegetresponse.go
  - internal/sdk/models/shared/personalclientservicecreateresponse.go
  - internal/sdk/models/shared/personalclient.go
  - internal/sdk/models/shared/personalclientservicecreaterequest.go
  - internal/sdk/models/shared/listrolesresponse.go
  - internal/sdk/models/shared/role.go
  - internal/sdk/models/shared/getrolesresponse.go
  - internal/sdk/models/shared/updaterolesresponse.go
  - internal/sdk/models/shared/updaterolerequest.go
  - internal/sdk/models/shared/roleinput.go
  - internal/sdk/models/shared/listpolicyresponse.go
  - internal/sdk/models/shared/policy.go
  - internal/sdk/models/shared/rule.go
  - internal/sdk/models/shared/policypostactions.go
  - internal/sdk/models/shared/policysteps.go
  - internal/sdk/models/shared/policystep.go
  - internal/sdk/models/shared/reject.go
  - internal/sdk/models/shared/provision.go
  - internal/sdk/models/shared/provisiontarget.go
  - internal/sdk/models/shared/approval.go
  - internal/sdk/models/shared/userapproval.go
  - internal/sdk/models/shared/selfapproval.go
  - internal/sdk/models/shared/managerapproval.go
  - internal/sdk/models/shared/appgroupapproval.go
  - internal/sdk/models/shared/expressionapproval.go
  - internal/sdk/models/shared/entitlementownerapproval.go
  - internal/sdk/models/shared/appownerapproval.go
  - internal/sdk/models/shared/accept.go
  - internal/sdk/models/shared/createpolicyresponse.go
  - internal/sdk/models/shared/createpolicyrequest.go
  - internal/sdk/models/shared/deletepolicyresponse.go
  - internal/sdk/models/shared/deletepolicyrequest.go
  - internal/sdk/models/shared/getpolicyresponse.go
  - internal/sdk/models/shared/updatepolicyresponse.go
  - internal/sdk/models/shared/updatepolicyrequest.go
  - internal/sdk/models/shared/validatepolicycelresponse.go
  - internal/sdk/models/shared/marker.go
  - internal/sdk/models/shared/validatepolicycelrequest.go
  - internal/sdk/models/shared/searchappresourcetypesresponse.go
  - internal/sdk/models/shared/searchappresourcetypesrequest.go
  - internal/sdk/models/shared/searchappsresponse.go
  - internal/sdk/models/shared/searchappsrequest.go
  - internal/sdk/models/shared/searchattributevaluesresponse.go
  - internal/sdk/models/shared/searchattributevaluesrequest.go
  - internal/sdk/models/shared/searchpoliciesrequest.go
  - internal/sdk/models/shared/policyref.go
  - internal/sdk/models/shared/requestcatalogsearchservicesearchentitlementsresponse.go
  - internal/sdk/models/shared/appentitlementwithuserbindings.go
  - internal/sdk/models/shared/requestcatalogsearchservicesearchentitlementsrequest.go
  - internal/sdk/models/shared/tasksearchresponse.go
  - internal/sdk/models/shared/taskview.go
  - internal/sdk/models/shared/task.go
  - internal/sdk/models/shared/tasktype.go
  - internal/sdk/models/shared/tasktyperevoke.go
  - internal/sdk/models/shared/taskrevokesource.go
  - internal/sdk/models/shared/taskrevokesourcereview.go
  - internal/sdk/models/shared/taskrevokesourcerequest.go
  - internal/sdk/models/shared/taskrevokesourcenonusage.go
  - internal/sdk/models/shared/taskrevokesourceexpired.go
  - internal/sdk/models/shared/tasktypegrant.go
  - internal/sdk/models/shared/taskgrantsource.go
  - internal/sdk/models/shared/tasktypecertify.go
  - internal/sdk/models/shared/policyinstance.go
  - internal/sdk/models/shared/policystepinstance.go
  - internal/sdk/models/shared/rejectinstance.go
  - internal/sdk/models/shared/provisioninstance.go
  - internal/sdk/models/shared/reassignedbyerroraction.go
  - internal/sdk/models/shared/erroredaction.go
  - internal/sdk/models/shared/completedaction.go
  - internal/sdk/models/shared/appentitlementreference.go
  - internal/sdk/models/shared/cancelledaction.go
  - internal/sdk/models/shared/approvalinstance.go
  - internal/sdk/models/shared/restartaction.go
  - internal/sdk/models/shared/reassignedaction.go
  - internal/sdk/models/shared/deniedaction.go
  - internal/sdk/models/shared/approvedaction.go
  - internal/sdk/models/shared/acceptinstance.go
  - internal/sdk/models/shared/externalref.go
  - internal/sdk/models/shared/tasksearchrequest.go
  - internal/sdk/models/shared/tasktypeinput.go
  - internal/sdk/models/shared/tasktyperevokeinput.go
  - internal/sdk/models/shared/tasktypegrantinput.go
  - internal/sdk/models/shared/tasktypecertifyinput.go
  - internal/sdk/models/shared/taskref.go
  - internal/sdk/models/shared/taskexpandmask.go
  - internal/sdk/models/shared/searchusersresponse.go
  - internal/sdk/models/shared/userview.go
  - internal/sdk/models/shared/searchusersrequest.go
  - internal/sdk/models/shared/userref.go
  - internal/sdk/models/shared/userexpandmask.go
  - internal/sdk/models/shared/getawsexternalidresponse.go
  - internal/sdk/models/shared/awsexternalid.go
  - internal/sdk/models/shared/getsessionsettingsresponse.go
  - internal/sdk/models/shared/sessionsettings.go
  - internal/sdk/models/shared/updatesessionsettingsresponse.go
  - internal/sdk/models/shared/updatesessionsettingsrequest.go
  - internal/sdk/models/shared/taskservicecreategrantresponse.go
  - internal/sdk/models/shared/taskservicecreategrantrequest.go
  - internal/sdk/models/shared/taskservicecreaterevokeresponse.go
  - internal/sdk/models/shared/taskservicecreaterevokerequest.go
  - internal/sdk/models/shared/taskservicegetresponse.go
  - internal/sdk/models/shared/taskactionsserviceapproveresponse.go
  - internal/sdk/models/shared/taskactionsserviceapproverequest.go
  - internal/sdk/models/shared/taskactionsservicecommentresponse.go
  - internal/sdk/models/shared/taskactionsservicecommentrequest.go
  - internal/sdk/models/shared/taskactionsservicedenyresponse.go
  - internal/sdk/models/shared/taskactionsservicedenyrequest.go
  - internal/sdk/models/shared/taskserviceactionresponse.go
  - internal/sdk/models/shared/taskactionsserviceescalatetoemergencyaccessrequest.go
  - internal/sdk/models/shared/taskactionsservicerestartresponse.go
  - internal/sdk/models/shared/taskactionsservicerestartrequest.go
  - internal/sdk/models/shared/userservicelistresponse.go
  - internal/sdk/models/shared/userservicegetresponse.go
  - internal/sdk/models/shared/webhooksservicetestresponse.go
  - internal/sdk/models/shared/webhookinstance.go
  - internal/sdk/models/shared/webhookspec.go
  - internal/sdk/models/shared/webhooksource.go
  - internal/sdk/models/shared/webhooksourcetest.go
  - internal/sdk/models/shared/webhooksourceprovisionstep.go
  - internal/sdk/models/shared/webhooksourcepolicypostaction.go
  - internal/sdk/models/shared/webhooksourceapprovalstep.go
  - internal/sdk/models/shared/webhooksservicetestrequest.go
  - internal/sdk/models/shared/security.go
  - internal/sdk/.gitignore
  - internal/sdk/.gitattributes
  - internal/sdk/internal/hooks/hooks.go
  - examples/README.md
  - go.mod
  - go.sum
  - internal/planmodifiers/boolplanmodifier/suppress_diff.go
  - internal/planmodifiers/float64planmodifier/suppress_diff.go
  - internal/planmodifiers/int64planmodifier/suppress_diff.go
  - internal/planmodifiers/listplanmodifier/suppress_diff.go
  - internal/planmodifiers/mapplanmodifier/suppress_diff.go
  - internal/planmodifiers/numberplanmodifier/suppress_diff.go
  - internal/planmodifiers/objectplanmodifier/suppress_diff.go
  - internal/planmodifiers/setplanmodifier/suppress_diff.go
  - internal/planmodifiers/stringplanmodifier/suppress_diff.go
  - internal/planmodifiers/utils/state_check.go
  - internal/provider/reflect/diags.go
  - internal/provider/reflect/doc.go
  - internal/provider/reflect/generic_attr_value.go
  - internal/provider/reflect/helpers.go
  - internal/provider/reflect/interfaces.go
  - internal/provider/reflect/into.go
  - internal/provider/reflect/map.go
  - internal/provider/reflect/number.go
  - internal/provider/reflect/options.go
  - internal/provider/reflect/outof.go
  - internal/provider/reflect/pointer.go
  - internal/provider/reflect/primitive.go
  - internal/provider/reflect/slice.go
  - internal/provider/reflect/struct.go
  - internal/provider/utils.go
  - internal/validators/DateValidator.go
  - internal/validators/ExactlyOneChild.go
  - internal/validators/JSONParseValidator.go
  - internal/validators/RFC3339Validator.go
  - internal/validators/boolvalidators/not_null.go
  - internal/validators/float64validators/not_null.go
  - internal/validators/int64validators/not_null.go
  - internal/validators/listvalidators/not_null.go
  - internal/validators/mapvalidators/not_null.go
  - internal/validators/numbervalidators/not_null.go
  - internal/validators/objectvalidators/not_null.go
  - internal/validators/setvalidators/not_null.go
  - internal/validators/stringvalidators/not_null.go
  - main.go
  - terraform-registry-manifest.json
  - tools/tools.go
  - internal/provider/types/user_attribute_mapping_source.go
  - internal/provider/types/three.go
  - internal/provider/types/profile.go
  - internal/provider/types/user.go
  - internal/provider/types/delegated_provision.go
  - internal/provider/types/manual_provision.go
  - internal/provider/types/webhook_provision.go
  - internal/provider/types/provision_policy.go
  - internal/provider/types/app_entitlement.go
  - internal/provider/types/request_catalog_expand_mask.go
  - internal/provider/types/app_entitlement_ref.go
  - internal/provider/types/accept.go
  - internal/provider/types/app_group_approval.go
  - internal/provider/types/app_owner_approval.go
  - internal/provider/types/entitlement_owner_approval.go
  - internal/provider/types/expression_approval.go
  - internal/provider/types/manager_approval.go
  - internal/provider/types/self_approval.go
  - internal/provider/types/user_approval.go
  - internal/provider/types/approval.go
  - internal/provider/types/provision_target.go
  - internal/provider/types/provision.go
  - internal/provider/types/reject.go
  - internal/provider/types/policy_step.go
  - internal/provider/types/policy_steps.go
  - internal/provider/types/policy_post_actions.go
  - internal/provider/types/rule.go
  - USAGE.md
  - internal/provider/provider.go
  - examples/provider/provider.tf
  - internal/provider/app_resource.go
  - internal/provider/app_resource_sdk.go
  - examples/resources/terraform_app/resource.tf
  - internal/provider/app_entitlement_owner_resource.go
  - internal/provider/app_entitlement_owner_resource_sdk.go
  - examples/resources/terraform_app_entitlement_owner/resource.tf
  - internal/provider/app_owner_resource.go
  - internal/provider/app_owner_resource_sdk.go
  - examples/resources/terraform_app_owner/resource.tf
  - internal/provider/catalog_resource.go
  - internal/provider/catalog_resource_sdk.go
  - examples/resources/terraform_catalog/resource.tf
  - internal/provider/catalog_requestable_entries_resource.go
  - internal/provider/catalog_requestable_entries_resource_sdk.go
  - examples/resources/terraform_catalog_requestable_entries/resource.tf
  - internal/provider/catalog_visibility_bindings_resource.go
  - internal/provider/catalog_visibility_bindings_resource_sdk.go
  - examples/resources/terraform_catalog_visibility_bindings/resource.tf
  - internal/provider/connectorcredential_resource.go
  - internal/provider/connectorcredential_resource_sdk.go
  - examples/resources/terraform_connector_credential/resource.tf
  - internal/provider/policy_resource.go
  - internal/provider/policy_resource_sdk.go
  - examples/resources/terraform_policy/resource.tf
  - internal/provider/app_data_source.go
  - internal/provider/app_data_source_sdk.go
  - examples/data-sources/terraform_app/data-source.tf
  - internal/provider/aws_external_id_data_source.go
  - internal/provider/aws_external_id_data_source_sdk.go
  - examples/data-sources/terraform_aws_external_id/data-source.tf
  - internal/provider/catalog_data_source.go
  - internal/provider/catalog_data_source_sdk.go
  - examples/data-sources/terraform_catalog/data-source.tf
  - internal/provider/connectorcredential_data_source.go
  - internal/provider/connectorcredential_data_source_sdk.go
  - examples/data-sources/terraform_connector_credential/data-source.tf
  - internal/provider/policy_data_source.go
  - internal/provider/policy_data_source_sdk.go
  - examples/data-sources/terraform_policy/data-source.tf
  - .gitattributes
