speakeasyVersion: 1.628.7
sources:
    my-source:
        sourceNamespace: my-source
        sourceRevisionDigest: sha256:157bd9c8179fcca759d4f265399d93c2e25fca882f864d4b6be4d326efec0dc8
        sourceBlobDigest: sha256:ecbd4584311ec174a70903f96bf6b130dbc23d01a4b6dd54d54fcd05f6b36717
        tags:
            - latest
            - 0.1.0-alpha
targets:
    conductorone-terraform:
        source: my-source
        sourceNamespace: my-source
        sourceRevisionDigest: sha256:157bd9c8179fcca759d4f265399d93c2e25fca882f864d4b6be4d326efec0dc8
        sourceBlobDigest: sha256:ecbd4584311ec174a70903f96bf6b130dbc23d01a4b6dd54d54fcd05f6b36717
workflow:
    workflowVersion: 1.0.0
    speakeasyVersion: latest
    sources:
        my-source:
            inputs:
                - location: ./openapi.yaml
            overlays:
                - location: ./overlay.yaml
            registry:
                location: registry.speakeasyapi.dev/conductor-one/conductorone/my-source
    targets:
        conductorone-terraform:
            target: terraform
            source: my-source
