speakeasyVersion: 1.655.0
sources:
    my-source:
        sourceNamespace: my-source
        sourceRevisionDigest: sha256:3d806380ff16d4219a7db35be8e04c258a415719b4b2f9539477a6a2ecac7e3e
        sourceBlobDigest: sha256:a56a7266f605df47e38f5af504a0d08c88d111f4c66dd613be56d661e25f9ee0
        tags:
            - latest
            - 0.1.0-alpha
targets:
    conductorone-terraform:
        source: my-source
        sourceNamespace: my-source
        sourceRevisionDigest: sha256:3d806380ff16d4219a7db35be8e04c258a415719b4b2f9539477a6a2ecac7e3e
        sourceBlobDigest: sha256:a56a7266f605df47e38f5af504a0d08c88d111f4c66dd613be56d661e25f9ee0
workflow:
    workflowVersion: 1.0.0
    speakeasyVersion: latest
    sources:
        my-source:
            inputs:
                - location: ./openapi.yaml
            overlays:
                - location: ./overlay.yaml
            registry:
                location: registry.speakeasyapi.dev/conductor-one/conductorone/my-source
    targets:
        conductorone-terraform:
            target: terraform
            source: my-source
