speakeasyVersion: 1.658.1
sources:
    my-source:
        sourceNamespace: my-source
        sourceRevisionDigest: sha256:f362015657c090fcb894f35cabd271d733f7f6bb7e0746ec7edd1d6335fd3fc5
        sourceBlobDigest: sha256:fd135ecde3ba9eb195b61fe1747543b1b4553396b87a924d40c4576046711ab5
        tags:
            - latest
            - 0.1.0-alpha
targets:
    conductorone-terraform:
        source: my-source
        sourceNamespace: my-source
        sourceRevisionDigest: sha256:f362015657c090fcb894f35cabd271d733f7f6bb7e0746ec7edd1d6335fd3fc5
        sourceBlobDigest: sha256:fd135ecde3ba9eb195b61fe1747543b1b4553396b87a924d40c4576046711ab5
workflow:
    workflowVersion: 1.0.0
    speakeasyVersion: 1.658.1
    sources:
        my-source:
            inputs:
                - location: ./openapi.yaml
            overlays:
                - location: ./overlay.yaml
            registry:
                location: registry.speakeasyapi.dev/conductor-one/conductorone/my-source
    targets:
        conductorone-terraform:
            target: terraform
            source: my-source
