examples/README.md
go.mod
go.sum
internal/planmodifiers/boolplanmodifier/suppress_diff.go
internal/planmodifiers/float32planmodifier/suppress_diff.go
internal/planmodifiers/float64planmodifier/suppress_diff.go
internal/planmodifiers/int32planmodifier/suppress_diff.go
internal/planmodifiers/int64planmodifier/suppress_diff.go
internal/planmodifiers/listplanmodifier/suppress_diff.go
internal/planmodifiers/mapplanmodifier/suppress_diff.go
internal/planmodifiers/numberplanmodifier/suppress_diff.go
internal/planmodifiers/objectplanmodifier/suppress_diff.go
internal/planmodifiers/setplanmodifier/suppress_diff.go
internal/planmodifiers/stringplanmodifier/suppress_diff.go
internal/planmodifiers/utils/state_check.go
internal/provider/reflect/diags.go
internal/provider/reflect/doc.go
internal/provider/reflect/generic_attr_value.go
internal/provider/reflect/helpers.go
internal/provider/reflect/interfaces.go
internal/provider/reflect/into.go
internal/provider/reflect/map.go
internal/provider/reflect/number.go
internal/provider/reflect/options.go
internal/provider/reflect/outof.go
internal/provider/reflect/pointer.go
internal/provider/reflect/primitive.go
internal/provider/reflect/slice.go
internal/provider/reflect/struct.go
internal/provider/typeconvert/date.go
internal/provider/typeconvert/datetime.go
internal/provider/typeconvert/int.go
internal/provider/utils.go
internal/validators/DateValidator.go
internal/validators/ExactlyOneChild.go
internal/validators/JSONParseValidator.go
internal/validators/RFC3339Validator.go
internal/validators/boolvalidators/not_null.go
internal/validators/float32validators/not_null.go
internal/validators/float64validators/not_null.go
internal/validators/int32validators/not_null.go
internal/validators/int64validators/not_null.go
internal/validators/listvalidators/not_null.go
internal/validators/mapvalidators/not_null.go
internal/validators/numbervalidators/not_null.go
internal/validators/objectvalidators/not_null.go
internal/validators/setvalidators/not_null.go
internal/validators/stringvalidators/not_null.go
main.go
terraform-registry-manifest.json
tools/tools.go
